
Microsoft Visual Studio Solution File, Format Version 12.00
# Visual Studio Version 17
VisualStudioVersion = 17.1.32210.238
MinimumVisualStudioVersion = 10.0.40219.1
Project("{FAE04EC0-301F-11D3-BF4B-00C04F79EFBC}") = "Bashiru Assignment", "Bashiru Assignment.csproj", "{A2AE68C1-DDBE-43DF-8661-5D2EEE4B75F0}"
EndProject
Global
	GlobalSection(SolutionConfigurationPlatforms) = preSolution
		Debug|Any CPU = Debug|Any CPU
		Release|Any CPU = Release|Any CPU
	EndGlobalSection
	GlobalSection(ProjectConfigurationPlatforms) = postSolution
		{A2AE68C1-DDBE-43DF-8661-5D2EEE4B75F0}.Debug|Any CPU.ActiveCfg = Debug|Any CPU
		{A2AE68C1-DDBE-43DF-8661-5D2EEE4B75F0}.Debug|Any CPU.Build.0 = Debug|Any CPU
		{A2AE68C1-DDBE-43DF-8661-5D2EEE4B75F0}.Release|Any CPU.ActiveCfg = Release|Any CPU
		{A2AE68C1-DDBE-43DF-8661-5D2EEE4B75F0}.Release|Any CPU.Build.0 = Release|Any CPU
	EndGlobalSection
	GlobalSection(SolutionProperties) = preSolution
		HideSolutionNode = FALSE
	EndGlobalSection
	GlobalSection(ExtensibilityGlobals) = postSolution
		SolutionGuid = {99A8D9D3-E646-4016-B4F6-211FEDB46DB2}
	EndGlobalSection
EndGlobal
